
Microsoft Visual Studio Solution File, Format Version 12.00
# Visual Studio 14
VisualStudioVersion = 14.0.25123.0
MinimumVisualStudioVersion = 10.0.40219.1
Project("{FAE04EC0-301F-11D3-BF4B-00C04F79EFBC}") = "CoolKids.Uwp.Master", "CoolKids.Uwp\CoolKids.Uwp.Master.csproj", "{37EC6A10-1690-4296-9656-9A9B656A26B2}"
EndProject
Project("{FAE04EC0-301F-11D3-BF4B-00C04F79EFBC}") = "CoolKids.Camera", "CoolKids.Camera\CoolKids.Camera.csproj", "{31680B21-5EB3-4F8B-81D7-1B0649C8CEB4}"
EndProject
Project("{FAE04EC0-301F-11D3-BF4B-00C04F79EFBC}") = "CoolKids.BusinessLogic", "CoolKids.BusinessLogic\CoolKids.BusinessLogic.csproj", "{F8836D8C-1F68-4B75-9007-4B56BC234B64}"
EndProject
Project("{FAE04EC0-301F-11D3-BF4B-00C04F79EFBC}") = "CoolKids.Services", "CoolKids.Services\CoolKids.Services.csproj", "{0BA6E651-95DD-4F03-B25F-745CF882CDF0}"
EndProject
Project("{FAE04EC0-301F-11D3-BF4B-00C04F79EFBC}") = "CoolKids.WinIoT", "CoolKids.WinIoT\CoolKids.WinIoT.csproj", "{E6C54247-C4D9-49B4-B5D7-D76EFEB251DE}"
EndProject
Project("{FAE04EC0-301F-11D3-BF4B-00C04F79EFBC}") = "CoolKids.Uwp.Embedded", "CoolKids.Embedded\CoolKids.Uwp.Embedded.csproj", "{38D6BB2F-9D19-4051-92A3-BE365724B0FE}"
EndProject
Project("{FAE04EC0-301F-11D3-BF4B-00C04F79EFBC}") = "CoolKids.Common", "CoolKids.Common\CoolKids.Common.csproj", "{B247F87E-2346-4D56-874C-773F076E0F8D}"
EndProject
Project("{FAE04EC0-301F-11D3-BF4B-00C04F79EFBC}") = "CoolKids.HomeAutomation", "CoolKids.HomeAutomation\CoolKids.HomeAutomation.csproj", "{9737F8FD-88DA-4458-9237-841F622AECE1}"
EndProject
Global
	GlobalSection(SolutionConfigurationPlatforms) = preSolution
		Debug|Any CPU = Debug|Any CPU
		Debug|ARM = Debug|ARM
		Debug|x64 = Debug|x64
		Debug|x86 = Debug|x86
		Release|Any CPU = Release|Any CPU
		Release|ARM = Release|ARM
		Release|x64 = Release|x64
		Release|x86 = Release|x86
	EndGlobalSection
	GlobalSection(ProjectConfigurationPlatforms) = postSolution
		{37EC6A10-1690-4296-9656-9A9B656A26B2}.Debug|Any CPU.ActiveCfg = Debug|x86
		{37EC6A10-1690-4296-9656-9A9B656A26B2}.Debug|Any CPU.Build.0 = Debug|x86
		{37EC6A10-1690-4296-9656-9A9B656A26B2}.Debug|Any CPU.Deploy.0 = Debug|x86
		{37EC6A10-1690-4296-9656-9A9B656A26B2}.Debug|ARM.ActiveCfg = Debug|ARM
		{37EC6A10-1690-4296-9656-9A9B656A26B2}.Debug|ARM.Build.0 = Debug|ARM
		{37EC6A10-1690-4296-9656-9A9B656A26B2}.Debug|ARM.Deploy.0 = Debug|ARM
		{37EC6A10-1690-4296-9656-9A9B656A26B2}.Debug|x64.ActiveCfg = Debug|x64
		{37EC6A10-1690-4296-9656-9A9B656A26B2}.Debug|x64.Build.0 = Debug|x64
		{37EC6A10-1690-4296-9656-9A9B656A26B2}.Debug|x64.Deploy.0 = Debug|x64
		{37EC6A10-1690-4296-9656-9A9B656A26B2}.Debug|x86.ActiveCfg = Debug|x86
		{37EC6A10-1690-4296-9656-9A9B656A26B2}.Debug|x86.Build.0 = Debug|x86
		{37EC6A10-1690-4296-9656-9A9B656A26B2}.Debug|x86.Deploy.0 = Debug|x86
		{37EC6A10-1690-4296-9656-9A9B656A26B2}.Release|Any CPU.ActiveCfg = Release|x86
		{37EC6A10-1690-4296-9656-9A9B656A26B2}.Release|ARM.ActiveCfg = Release|ARM
		{37EC6A10-1690-4296-9656-9A9B656A26B2}.Release|ARM.Build.0 = Release|ARM
		{37EC6A10-1690-4296-9656-9A9B656A26B2}.Release|ARM.Deploy.0 = Release|ARM
		{37EC6A10-1690-4296-9656-9A9B656A26B2}.Release|x64.ActiveCfg = Release|x64
		{37EC6A10-1690-4296-9656-9A9B656A26B2}.Release|x64.Build.0 = Release|x64
		{37EC6A10-1690-4296-9656-9A9B656A26B2}.Release|x64.Deploy.0 = Release|x64
		{37EC6A10-1690-4296-9656-9A9B656A26B2}.Release|x86.ActiveCfg = Release|x86
		{37EC6A10-1690-4296-9656-9A9B656A26B2}.Release|x86.Build.0 = Release|x86
		{37EC6A10-1690-4296-9656-9A9B656A26B2}.Release|x86.Deploy.0 = Release|x86
		{31680B21-5EB3-4F8B-81D7-1B0649C8CEB4}.Debug|Any CPU.ActiveCfg = Debug|Any CPU
		{31680B21-5EB3-4F8B-81D7-1B0649C8CEB4}.Debug|Any CPU.Build.0 = Debug|Any CPU
		{31680B21-5EB3-4F8B-81D7-1B0649C8CEB4}.Debug|ARM.ActiveCfg = Debug|ARM
		{31680B21-5EB3-4F8B-81D7-1B0649C8CEB4}.Debug|ARM.Build.0 = Debug|ARM
		{31680B21-5EB3-4F8B-81D7-1B0649C8CEB4}.Debug|x64.ActiveCfg = Debug|x64
		{31680B21-5EB3-4F8B-81D7-1B0649C8CEB4}.Debug|x64.Build.0 = Debug|x64
		{31680B21-5EB3-4F8B-81D7-1B0649C8CEB4}.Debug|x86.ActiveCfg = Debug|x86
		{31680B21-5EB3-4F8B-81D7-1B0649C8CEB4}.Debug|x86.Build.0 = Debug|x86
		{31680B21-5EB3-4F8B-81D7-1B0649C8CEB4}.Release|Any CPU.ActiveCfg = Release|Any CPU
		{31680B21-5EB3-4F8B-81D7-1B0649C8CEB4}.Release|Any CPU.Build.0 = Release|Any CPU
		{31680B21-5EB3-4F8B-81D7-1B0649C8CEB4}.Release|ARM.ActiveCfg = Release|ARM
		{31680B21-5EB3-4F8B-81D7-1B0649C8CEB4}.Release|ARM.Build.0 = Release|ARM
		{31680B21-5EB3-4F8B-81D7-1B0649C8CEB4}.Release|x64.ActiveCfg = Release|x64
		{31680B21-5EB3-4F8B-81D7-1B0649C8CEB4}.Release|x64.Build.0 = Release|x64
		{31680B21-5EB3-4F8B-81D7-1B0649C8CEB4}.Release|x86.ActiveCfg = Release|x86
		{31680B21-5EB3-4F8B-81D7-1B0649C8CEB4}.Release|x86.Build.0 = Release|x86
		{F8836D8C-1F68-4B75-9007-4B56BC234B64}.Debug|Any CPU.ActiveCfg = Debug|Any CPU
		{F8836D8C-1F68-4B75-9007-4B56BC234B64}.Debug|Any CPU.Build.0 = Debug|Any CPU
		{F8836D8C-1F68-4B75-9007-4B56BC234B64}.Debug|ARM.ActiveCfg = Debug|ARM
		{F8836D8C-1F68-4B75-9007-4B56BC234B64}.Debug|ARM.Build.0 = Debug|ARM
		{F8836D8C-1F68-4B75-9007-4B56BC234B64}.Debug|x64.ActiveCfg = Debug|x64
		{F8836D8C-1F68-4B75-9007-4B56BC234B64}.Debug|x64.Build.0 = Debug|x64
		{F8836D8C-1F68-4B75-9007-4B56BC234B64}.Debug|x86.ActiveCfg = Debug|x86
		{F8836D8C-1F68-4B75-9007-4B56BC234B64}.Debug|x86.Build.0 = Debug|x86
		{F8836D8C-1F68-4B75-9007-4B56BC234B64}.Release|Any CPU.ActiveCfg = Release|Any CPU
		{F8836D8C-1F68-4B75-9007-4B56BC234B64}.Release|Any CPU.Build.0 = Release|Any CPU
		{F8836D8C-1F68-4B75-9007-4B56BC234B64}.Release|ARM.ActiveCfg = Release|ARM
		{F8836D8C-1F68-4B75-9007-4B56BC234B64}.Release|ARM.Build.0 = Release|ARM
		{F8836D8C-1F68-4B75-9007-4B56BC234B64}.Release|x64.ActiveCfg = Release|x64
		{F8836D8C-1F68-4B75-9007-4B56BC234B64}.Release|x64.Build.0 = Release|x64
		{F8836D8C-1F68-4B75-9007-4B56BC234B64}.Release|x86.ActiveCfg = Release|x86
		{F8836D8C-1F68-4B75-9007-4B56BC234B64}.Release|x86.Build.0 = Release|x86
		{0BA6E651-95DD-4F03-B25F-745CF882CDF0}.Debug|Any CPU.ActiveCfg = Debug|Any CPU
		{0BA6E651-95DD-4F03-B25F-745CF882CDF0}.Debug|Any CPU.Build.0 = Debug|Any CPU
		{0BA6E651-95DD-4F03-B25F-745CF882CDF0}.Debug|ARM.ActiveCfg = Debug|ARM
		{0BA6E651-95DD-4F03-B25F-745CF882CDF0}.Debug|ARM.Build.0 = Debug|ARM
		{0BA6E651-95DD-4F03-B25F-745CF882CDF0}.Debug|x64.ActiveCfg = Debug|x64
		{0BA6E651-95DD-4F03-B25F-745CF882CDF0}.Debug|x64.Build.0 = Debug|x64
		{0BA6E651-95DD-4F03-B25F-745CF882CDF0}.Debug|x86.ActiveCfg = Debug|x86
		{0BA6E651-95DD-4F03-B25F-745CF882CDF0}.Debug|x86.Build.0 = Debug|x86
		{0BA6E651-95DD-4F03-B25F-745CF882CDF0}.Release|Any CPU.ActiveCfg = Release|Any CPU
		{0BA6E651-95DD-4F03-B25F-745CF882CDF0}.Release|Any CPU.Build.0 = Release|Any CPU
		{0BA6E651-95DD-4F03-B25F-745CF882CDF0}.Release|ARM.ActiveCfg = Release|ARM
		{0BA6E651-95DD-4F03-B25F-745CF882CDF0}.Release|ARM.Build.0 = Release|ARM
		{0BA6E651-95DD-4F03-B25F-745CF882CDF0}.Release|x64.ActiveCfg = Release|x64
		{0BA6E651-95DD-4F03-B25F-745CF882CDF0}.Release|x64.Build.0 = Release|x64
		{0BA6E651-95DD-4F03-B25F-745CF882CDF0}.Release|x86.ActiveCfg = Release|x86
		{0BA6E651-95DD-4F03-B25F-745CF882CDF0}.Release|x86.Build.0 = Release|x86
		{E6C54247-C4D9-49B4-B5D7-D76EFEB251DE}.Debug|Any CPU.ActiveCfg = Debug|Any CPU
		{E6C54247-C4D9-49B4-B5D7-D76EFEB251DE}.Debug|Any CPU.Build.0 = Debug|Any CPU
		{E6C54247-C4D9-49B4-B5D7-D76EFEB251DE}.Debug|ARM.ActiveCfg = Debug|ARM
		{E6C54247-C4D9-49B4-B5D7-D76EFEB251DE}.Debug|ARM.Build.0 = Debug|ARM
		{E6C54247-C4D9-49B4-B5D7-D76EFEB251DE}.Debug|x64.ActiveCfg = Debug|x64
		{E6C54247-C4D9-49B4-B5D7-D76EFEB251DE}.Debug|x64.Build.0 = Debug|x64
		{E6C54247-C4D9-49B4-B5D7-D76EFEB251DE}.Debug|x86.ActiveCfg = Debug|x86
		{E6C54247-C4D9-49B4-B5D7-D76EFEB251DE}.Debug|x86.Build.0 = Debug|x86
		{E6C54247-C4D9-49B4-B5D7-D76EFEB251DE}.Release|Any CPU.ActiveCfg = Release|Any CPU
		{E6C54247-C4D9-49B4-B5D7-D76EFEB251DE}.Release|Any CPU.Build.0 = Release|Any CPU
		{E6C54247-C4D9-49B4-B5D7-D76EFEB251DE}.Release|ARM.ActiveCfg = Release|ARM
		{E6C54247-C4D9-49B4-B5D7-D76EFEB251DE}.Release|ARM.Build.0 = Release|ARM
		{E6C54247-C4D9-49B4-B5D7-D76EFEB251DE}.Release|x64.ActiveCfg = Release|x64
		{E6C54247-C4D9-49B4-B5D7-D76EFEB251DE}.Release|x64.Build.0 = Release|x64
		{E6C54247-C4D9-49B4-B5D7-D76EFEB251DE}.Release|x86.ActiveCfg = Release|x86
		{E6C54247-C4D9-49B4-B5D7-D76EFEB251DE}.Release|x86.Build.0 = Release|x86
		{38D6BB2F-9D19-4051-92A3-BE365724B0FE}.Debug|Any CPU.ActiveCfg = Debug|x86
		{38D6BB2F-9D19-4051-92A3-BE365724B0FE}.Debug|Any CPU.Build.0 = Debug|x86
		{38D6BB2F-9D19-4051-92A3-BE365724B0FE}.Debug|Any CPU.Deploy.0 = Debug|x86
		{38D6BB2F-9D19-4051-92A3-BE365724B0FE}.Debug|ARM.ActiveCfg = Debug|ARM
		{38D6BB2F-9D19-4051-92A3-BE365724B0FE}.Debug|ARM.Build.0 = Debug|ARM
		{38D6BB2F-9D19-4051-92A3-BE365724B0FE}.Debug|ARM.Deploy.0 = Debug|ARM
		{38D6BB2F-9D19-4051-92A3-BE365724B0FE}.Debug|x64.ActiveCfg = Debug|x64
		{38D6BB2F-9D19-4051-92A3-BE365724B0FE}.Debug|x64.Build.0 = Debug|x64
		{38D6BB2F-9D19-4051-92A3-BE365724B0FE}.Debug|x64.Deploy.0 = Debug|x64
		{38D6BB2F-9D19-4051-92A3-BE365724B0FE}.Debug|x86.ActiveCfg = Debug|x86
		{38D6BB2F-9D19-4051-92A3-BE365724B0FE}.Debug|x86.Build.0 = Debug|x86
		{38D6BB2F-9D19-4051-92A3-BE365724B0FE}.Debug|x86.Deploy.0 = Debug|x86
		{38D6BB2F-9D19-4051-92A3-BE365724B0FE}.Release|Any CPU.ActiveCfg = Release|x86
		{38D6BB2F-9D19-4051-92A3-BE365724B0FE}.Release|ARM.ActiveCfg = Release|ARM
		{38D6BB2F-9D19-4051-92A3-BE365724B0FE}.Release|ARM.Build.0 = Release|ARM
		{38D6BB2F-9D19-4051-92A3-BE365724B0FE}.Release|ARM.Deploy.0 = Release|ARM
		{38D6BB2F-9D19-4051-92A3-BE365724B0FE}.Release|x64.ActiveCfg = Release|x64
		{38D6BB2F-9D19-4051-92A3-BE365724B0FE}.Release|x64.Build.0 = Release|x64
		{38D6BB2F-9D19-4051-92A3-BE365724B0FE}.Release|x64.Deploy.0 = Release|x64
		{38D6BB2F-9D19-4051-92A3-BE365724B0FE}.Release|x86.ActiveCfg = Release|x86
		{38D6BB2F-9D19-4051-92A3-BE365724B0FE}.Release|x86.Build.0 = Release|x86
		{38D6BB2F-9D19-4051-92A3-BE365724B0FE}.Release|x86.Deploy.0 = Release|x86
		{B247F87E-2346-4D56-874C-773F076E0F8D}.Debug|Any CPU.ActiveCfg = Debug|Any CPU
		{B247F87E-2346-4D56-874C-773F076E0F8D}.Debug|Any CPU.Build.0 = Debug|Any CPU
		{B247F87E-2346-4D56-874C-773F076E0F8D}.Debug|ARM.ActiveCfg = Debug|ARM
		{B247F87E-2346-4D56-874C-773F076E0F8D}.Debug|ARM.Build.0 = Debug|ARM
		{B247F87E-2346-4D56-874C-773F076E0F8D}.Debug|x64.ActiveCfg = Debug|x64
		{B247F87E-2346-4D56-874C-773F076E0F8D}.Debug|x64.Build.0 = Debug|x64
		{B247F87E-2346-4D56-874C-773F076E0F8D}.Debug|x86.ActiveCfg = Debug|x86
		{B247F87E-2346-4D56-874C-773F076E0F8D}.Debug|x86.Build.0 = Debug|x86
		{B247F87E-2346-4D56-874C-773F076E0F8D}.Release|Any CPU.ActiveCfg = Release|Any CPU
		{B247F87E-2346-4D56-874C-773F076E0F8D}.Release|Any CPU.Build.0 = Release|Any CPU
		{B247F87E-2346-4D56-874C-773F076E0F8D}.Release|ARM.ActiveCfg = Release|ARM
		{B247F87E-2346-4D56-874C-773F076E0F8D}.Release|ARM.Build.0 = Release|ARM
		{B247F87E-2346-4D56-874C-773F076E0F8D}.Release|x64.ActiveCfg = Release|x64
		{B247F87E-2346-4D56-874C-773F076E0F8D}.Release|x64.Build.0 = Release|x64
		{B247F87E-2346-4D56-874C-773F076E0F8D}.Release|x86.ActiveCfg = Release|x86
		{B247F87E-2346-4D56-874C-773F076E0F8D}.Release|x86.Build.0 = Release|x86
		{9737F8FD-88DA-4458-9237-841F622AECE1}.Debug|Any CPU.ActiveCfg = Debug|Any CPU
		{9737F8FD-88DA-4458-9237-841F622AECE1}.Debug|Any CPU.Build.0 = Debug|Any CPU
		{9737F8FD-88DA-4458-9237-841F622AECE1}.Debug|ARM.ActiveCfg = Debug|Any CPU
		{9737F8FD-88DA-4458-9237-841F622AECE1}.Debug|ARM.Build.0 = Debug|Any CPU
		{9737F8FD-88DA-4458-9237-841F622AECE1}.Debug|x64.ActiveCfg = Debug|Any CPU
		{9737F8FD-88DA-4458-9237-841F622AECE1}.Debug|x64.Build.0 = Debug|Any CPU
		{9737F8FD-88DA-4458-9237-841F622AECE1}.Debug|x86.ActiveCfg = Debug|Any CPU
		{9737F8FD-88DA-4458-9237-841F622AECE1}.Debug|x86.Build.0 = Debug|Any CPU
		{9737F8FD-88DA-4458-9237-841F622AECE1}.Release|Any CPU.ActiveCfg = Release|Any CPU
		{9737F8FD-88DA-4458-9237-841F622AECE1}.Release|Any CPU.Build.0 = Release|Any CPU
		{9737F8FD-88DA-4458-9237-841F622AECE1}.Release|ARM.ActiveCfg = Release|Any CPU
		{9737F8FD-88DA-4458-9237-841F622AECE1}.Release|ARM.Build.0 = Release|Any CPU
		{9737F8FD-88DA-4458-9237-841F622AECE1}.Release|x64.ActiveCfg = Release|Any CPU
		{9737F8FD-88DA-4458-9237-841F622AECE1}.Release|x64.Build.0 = Release|Any CPU
		{9737F8FD-88DA-4458-9237-841F622AECE1}.Release|x86.ActiveCfg = Release|Any CPU
		{9737F8FD-88DA-4458-9237-841F622AECE1}.Release|x86.Build.0 = Release|Any CPU
	EndGlobalSection
	GlobalSection(SolutionProperties) = preSolution
		HideSolutionNode = FALSE
	EndGlobalSection
EndGlobal
